
Microsoft Visual Studio Solution File, Format Version 12.00
# Visual Studio Version 18
VisualStudioVersion = 18.0.11205.157
MinimumVisualStudioVersion = 10.0.40219.1
Project("{2150E333-8FDC-42A3-9474-1A3956D46DE8}") = "src", "src", "{827E0CD3-B72D-47B6-A68D-7590B98EB39B}"
EndProject
Project("{2150E333-8FDC-42A3-9474-1A3956D46DE8}") = "API", "API", "{81034408-37C8-1011-444E-4C15C2FADA8E}"
EndProject
Project("{FAE04EC0-301F-11D3-BF4B-00C04F79EFBC}") = "Popsies.API", "src\API\Popsies.API\Popsies.API.csproj", "{CFA26D80-D5E2-4FC1-9B0B-EE4C3227BC93}"
EndProject
Project("{2150E333-8FDC-42A3-9474-1A3956D46DE8}") = "Modules", "Modules", "{EC447DCF-ABFA-6E24-52A5-D7FD48A5C558}"
EndProject
Project("{2150E333-8FDC-42A3-9474-1A3956D46DE8}") = "Identity", "Identity", "{0EC62A1A-9858-3A60-8A0C-FC9AACFA2EC7}"
EndProject
Project("{FAE04EC0-301F-11D3-BF4B-00C04F79EFBC}") = "Popsies.Modules.Identity.Api", "src\Modules\Identity\Popsies.Modules.Identity.Api\Popsies.Modules.Identity.Api.csproj", "{2DBC9340-9E06-4480-8952-FCD36D1E5684}"
EndProject
Project("{2150E333-8FDC-42A3-9474-1A3956D46DE8}") = "Shared", "Shared", "{C8E42992-5E42-0C2B-DBFE-AA848D06431C}"
EndProject
Project("{FAE04EC0-301F-11D3-BF4B-00C04F79EFBC}") = "Popsies.Shared.Abstractions", "src\Shared\Popsies.Shared.Abstractions\Popsies.Shared.Abstractions.csproj", "{D5B26DE3-5FDF-462E-9DE2-9312C3C0BCC3}"
EndProject
Project("{FAE04EC0-301F-11D3-BF4B-00C04F79EFBC}") = "Popsies.Modules.Identity.Infrastructure", "src\Modules\Identity\Popsies.Modules.Identity.Infrastructure\Popsies.Modules.Identity.Infrastructure.csproj", "{8398CA37-FA17-4E5A-92E8-93D3775E168E}"
EndProject
Project("{FAE04EC0-301F-11D3-BF4B-00C04F79EFBC}") = "Popsies.Shared.Infrastructure", "src\Shared\Popsies.Shared.Infrastructure\Popsies.Shared.Infrastructure.csproj", "{AE6B620B-4B9D-4F5C-B3BC-0F03C81894EB}"
EndProject
Project("{FAE04EC0-301F-11D3-BF4B-00C04F79EFBC}") = "Popsies.Modules.Identity.Contracts", "src\Modules\Identity\Popsies.Modules.Identity.Contracts\Popsies.Modules.Identity.Contracts.csproj", "{6EA83D89-BFB4-4AE6-9CA8-137E5B8987A8}"
EndProject
Project("{2150E333-8FDC-42A3-9474-1A3956D46DE8}") = "Quiz", "Quiz", "{31E88CAB-5AA6-3584-921D-533861F5E43A}"
EndProject
Project("{FAE04EC0-301F-11D3-BF4B-00C04F79EFBC}") = "Popsies.Modules.Quiz.Api", "src\Modules\Quiz\Popsies.Modules.Quiz.Api\Popsies.Modules.Quiz.Api.csproj", "{B1650587-9B47-40CE-943A-CBC135E89BF3}"
EndProject
Project("{FAE04EC0-301F-11D3-BF4B-00C04F79EFBC}") = "Popsies.Modules.Quiz.Infrastructure", "src\Modules\Quiz\Popsies.Modules.Quiz.Infrastructure\Popsies.Modules.Quiz.Infrastructure.csproj", "{8CB3E064-252A-43D4-A450-663DFEFA0E9E}"
EndProject
Project("{FAE04EC0-301F-11D3-BF4B-00C04F79EFBC}") = "Popsies.Modules.Quiz.Contracts", "src\Modules\Quiz\Popsies.Modules.Quiz.Contracts\Popsies.Modules.Quiz.Contracts.csproj", "{83E37D20-1568-4D76-AF5F-784E48DDC726}"
EndProject
Project("{2150E333-8FDC-42A3-9474-1A3956D46DE8}") = "Session", "Session", "{10CF2B88-4F33-6F2D-640D-45F055B3AE8F}"
EndProject
Project("{FAE04EC0-301F-11D3-BF4B-00C04F79EFBC}") = "Popsies.Modules.Session.Api", "src\Modules\Session\Popsies.Modules.Session.Api\Popsies.Modules.Session.Api.csproj", "{4F4C4DB5-5DB2-4B6B-AE8F-01F30054F6B0}"
EndProject
Project("{FAE04EC0-301F-11D3-BF4B-00C04F79EFBC}") = "Popsies.Modules.Session.Core", "src\Modules\Session\Popsies.Modules.Session.Core\Popsies.Modules.Session.Core.csproj", "{365516E4-BE43-4B8F-8367-B8414FE30168}"
EndProject
Project("{FAE04EC0-301F-11D3-BF4B-00C04F79EFBC}") = "Popsies.Modules.Session.Infrastructure", "src\Modules\Session\Popsies.Modules.Session.Infrastructure\Popsies.Modules.Session.Infrastructure.csproj", "{A79CCBA7-0100-474A-A302-09851FA61250}"
EndProject
Project("{FAE04EC0-301F-11D3-BF4B-00C04F79EFBC}") = "Popsies.Modules.Session.Contracts", "src\Modules\Session\Popsies.Modules.Session.Contracts\Popsies.Modules.Session.Contracts.csproj", "{F19CBA07-A8C5-43BE-BC69-F6E12E31FF6D}"
EndProject
Project("{2150E333-8FDC-42A3-9474-1A3956D46DE8}") = "Social", "Social", "{33660D39-1269-9B84-677B-56E9D3E08720}"
EndProject
Project("{FAE04EC0-301F-11D3-BF4B-00C04F79EFBC}") = "Popsies.Modules.Social.Api", "src\Modules\Social\Popsies.Modules.Social.Api\Popsies.Modules.Social.Api.csproj", "{DA1EC09A-F3F3-4FD7-BA06-0B4E940CF5D9}"
EndProject
Project("{FAE04EC0-301F-11D3-BF4B-00C04F79EFBC}") = "Popsies.Modules.Social.Core", "src\Modules\Social\Popsies.Modules.Social.Core\Popsies.Modules.Social.Core.csproj", "{BF770265-7A4B-4EF6-9481-4BD45BCACCB5}"
EndProject
Project("{FAE04EC0-301F-11D3-BF4B-00C04F79EFBC}") = "Popsies.Modules.Social.Infrastructure", "src\Modules\Social\Popsies.Modules.Social.Infrastructure\Popsies.Modules.Social.Infrastructure.csproj", "{6064E3B7-EB25-4916-A6B9-D5736817C115}"
EndProject
Project("{FAE04EC0-301F-11D3-BF4B-00C04F79EFBC}") = "Popsies.Modules.Social.Contracts", "src\Modules\Social\Popsies.Modules.Social.Contracts\Popsies.Modules.Social.Contracts.csproj", "{E0F7E62A-22B6-4F74-89F8-A07DAFC1E7BF}"
EndProject
Project("{2150E333-8FDC-42A3-9474-1A3956D46DE8}") = "Notification", "Notification", "{4F8133DB-A301-0A1E-3DDE-929E67CC9B96}"
EndProject
Project("{FAE04EC0-301F-11D3-BF4B-00C04F79EFBC}") = "Popsies.Modules.Notification.Api", "src\Modules\Notification\Popsies.Modules.Notification.Api\Popsies.Modules.Notification.Api.csproj", "{3C35E32D-74EE-47DD-93B8-4FD1BD43AB28}"
EndProject
Project("{FAE04EC0-301F-11D3-BF4B-00C04F79EFBC}") = "Popsies.Modules.Notification.Core", "src\Modules\Notification\Popsies.Modules.Notification.Core\Popsies.Modules.Notification.Core.csproj", "{8221889B-98CA-4CD9-9C09-09F200760D52}"
EndProject
Project("{FAE04EC0-301F-11D3-BF4B-00C04F79EFBC}") = "Popsies.Modules.Notification.Infrastructure", "src\Modules\Notification\Popsies.Modules.Notification.Infrastructure\Popsies.Modules.Notification.Infrastructure.csproj", "{3F6523E9-872F-47D6-A6F0-48228A718450}"
EndProject
Project("{FAE04EC0-301F-11D3-BF4B-00C04F79EFBC}") = "Popsies.Modules.Notification.Contracts", "src\Modules\Notification\Popsies.Modules.Notification.Contracts\Popsies.Modules.Notification.Contracts.csproj", "{E3CA601B-4E5C-4530-9F81-997E440EA57F}"
EndProject
Project("{FAE04EC0-301F-11D3-BF4B-00C04F79EFBC}") = "Popsies.Shared.Tests", "src\Shared\Popsies.Shared.Tests\Popsies.Shared.Tests.csproj", "{74C541DA-8940-41C9-A936-0C96373142CD}"
EndProject
Project("{2150E333-8FDC-42A3-9474-1A3956D46DE8}") = "Solution Items", "Solution Items", "{B9B9091E-9D7C-4571-B4D3-E7A5C2C6B97A}"
	ProjectSection(SolutionItems) = preProject
		docker-compose.yml = docker-compose.yml
		Invariants.md = Invariants.md
		README.md = README.md
		SOLUTION_STRUCTURE.md = SOLUTION_STRUCTURE.md
	EndProjectSection
EndProject
Project("{2150E333-8FDC-42A3-9474-1A3956D46DE8}") = "tests", "tests", "{8F11D761-16B1-4855-AB60-F6A0747A8C72}"
EndProject
Project("{2150E333-8FDC-42A3-9474-1A3956D46DE8}") = "unit", "unit", "{FB0A1C47-16A9-4034-8D05-044605F937F8}"
EndProject
Project("{2150E333-8FDC-42A3-9474-1A3956D46DE8}") = "identity", "identity", "{AEFE6D60-A74E-4957-9E52-5DCADD039B8C}"
EndProject
Project("{FAE04EC0-301F-11D3-BF4B-00C04F79EFBC}") = "Popsies.Modules.Identity.Tests.Unit", "tests\Unit\Identity\Popsies.Modules.Identity.Tests\Popsies.Modules.Identity.Tests.Unit.csproj", "{004899EC-8930-7EA7-57D9-91D72B2502B6}"
EndProject
Project("{FAE04EC0-301F-11D3-BF4B-00C04F79EFBC}") = "Popsies.Modules.Identity.Domain", "src\Modules\Identity\Popsies.Modules.Identity.Domain\Popsies.Modules.Identity.Domain.csproj", "{DC7D47A6-8A5C-4161-86F9-F437C8137E2D}"
EndProject
Project("{FAE04EC0-301F-11D3-BF4B-00C04F79EFBC}") = "Popsies.Modules.Identity.Application", "src\Modules\Identity\Popsies.Modules.Identity.Application\Popsies.Modules.Identity.Application.csproj", "{DFAB9B60-D3EA-4D73-BDB6-17AD5483D8B8}"
EndProject
Project("{FAE04EC0-301F-11D3-BF4B-00C04F79EFBC}") = "Popsies.Modules.Quiz.Domain", "src\Modules\Quiz\Popsies.Modules.Quiz.Domain\Popsies.Modules.Quiz.Domain.csproj", "{7FED2EE3-58F3-4C1B-88B4-7AD82885AB14}"
EndProject
Project("{FAE04EC0-301F-11D3-BF4B-00C04F79EFBC}") = "Popsies.Modules.Quiz.Application", "src\Modules\Quiz\Popsies.Modules.Quiz.Application\Popsies.Modules.Quiz.Application.csproj", "{E43FFB97-4179-4B27-BF09-D698ABB22473}"
EndProject
Project("{2150E333-8FDC-42A3-9474-1A3956D46DE8}") = "Quiz", "Quiz", "{B6823EFD-B11A-0A96-D889-C86CF28482A6}"
EndProject
Project("{FAE04EC0-301F-11D3-BF4B-00C04F79EFBC}") = "Popsies.Modules.Quiz.Tests.Unit", "tests\Unit\Quiz\Popsies.Modules.Quiz.Tests\Popsies.Modules.Quiz.Tests.Unit.csproj", "{885FC8BB-EEC4-43DD-BDDF-088C757158B1}"
EndProject
Project("{2150E333-8FDC-42A3-9474-1A3956D46DE8}") = "Session", "Session", "{EC273BBC-0C62-DCD7-EC12-93EEC7BD8CFF}"
EndProject
Project("{FAE04EC0-301F-11D3-BF4B-00C04F79EFBC}") = "Popsies.Modules.Session.Tests.Unit", "tests\Unit\Session\Popsies.Modules.Session.Tests\Popsies.Modules.Session.Tests.Unit.csproj", "{632D7655-4EB9-4547-9758-A2210C91F2DF}"
EndProject
Project("{FAE04EC0-301F-11D3-BF4B-00C04F79EFBC}") = "Popsies.Modules.Session.Domain", "src\Modules\Session\Popsies.Modules.Session.Domain\Popsies.Modules.Session.Domain.csproj", "{75DFF5DF-D28C-4ABD-98D9-2D211779F313}"
EndProject
Project("{FAE04EC0-301F-11D3-BF4B-00C04F79EFBC}") = "Popsies.Modules.Session.Application", "src\Modules\Session\Popsies.Modules.Session.Application\Popsies.Modules.Session.Application.csproj", "{6D2C82BF-CFB9-4A5D-8379-B7D9072D0CAC}"
EndProject
Global
	GlobalSection(SolutionConfigurationPlatforms) = preSolution
		Debug|Any CPU = Debug|Any CPU
		Debug|x64 = Debug|x64
		Debug|x86 = Debug|x86
		Release|Any CPU = Release|Any CPU
		Release|x64 = Release|x64
		Release|x86 = Release|x86
	EndGlobalSection
	GlobalSection(ProjectConfigurationPlatforms) = postSolution
		{CFA26D80-D5E2-4FC1-9B0B-EE4C3227BC93}.Debug|Any CPU.ActiveCfg = Debug|Any CPU
		{CFA26D80-D5E2-4FC1-9B0B-EE4C3227BC93}.Debug|Any CPU.Build.0 = Debug|Any CPU
		{CFA26D80-D5E2-4FC1-9B0B-EE4C3227BC93}.Debug|x64.ActiveCfg = Debug|Any CPU
		{CFA26D80-D5E2-4FC1-9B0B-EE4C3227BC93}.Debug|x64.Build.0 = Debug|Any CPU
		{CFA26D80-D5E2-4FC1-9B0B-EE4C3227BC93}.Debug|x86.ActiveCfg = Debug|Any CPU
		{CFA26D80-D5E2-4FC1-9B0B-EE4C3227BC93}.Debug|x86.Build.0 = Debug|Any CPU
		{CFA26D80-D5E2-4FC1-9B0B-EE4C3227BC93}.Release|Any CPU.ActiveCfg = Release|Any CPU
		{CFA26D80-D5E2-4FC1-9B0B-EE4C3227BC93}.Release|Any CPU.Build.0 = Release|Any CPU
		{CFA26D80-D5E2-4FC1-9B0B-EE4C3227BC93}.Release|x64.ActiveCfg = Release|Any CPU
		{CFA26D80-D5E2-4FC1-9B0B-EE4C3227BC93}.Release|x64.Build.0 = Release|Any CPU
		{CFA26D80-D5E2-4FC1-9B0B-EE4C3227BC93}.Release|x86.ActiveCfg = Release|Any CPU
		{CFA26D80-D5E2-4FC1-9B0B-EE4C3227BC93}.Release|x86.Build.0 = Release|Any CPU
		{2DBC9340-9E06-4480-8952-FCD36D1E5684}.Debug|Any CPU.ActiveCfg = Debug|Any CPU
		{2DBC9340-9E06-4480-8952-FCD36D1E5684}.Debug|Any CPU.Build.0 = Debug|Any CPU
		{2DBC9340-9E06-4480-8952-FCD36D1E5684}.Debug|x64.ActiveCfg = Debug|Any CPU
		{2DBC9340-9E06-4480-8952-FCD36D1E5684}.Debug|x64.Build.0 = Debug|Any CPU
		{2DBC9340-9E06-4480-8952-FCD36D1E5684}.Debug|x86.ActiveCfg = Debug|Any CPU
		{2DBC9340-9E06-4480-8952-FCD36D1E5684}.Debug|x86.Build.0 = Debug|Any CPU
		{2DBC9340-9E06-4480-8952-FCD36D1E5684}.Release|Any CPU.ActiveCfg = Release|Any CPU
		{2DBC9340-9E06-4480-8952-FCD36D1E5684}.Release|Any CPU.Build.0 = Release|Any CPU
		{2DBC9340-9E06-4480-8952-FCD36D1E5684}.Release|x64.ActiveCfg = Release|Any CPU
		{2DBC9340-9E06-4480-8952-FCD36D1E5684}.Release|x64.Build.0 = Release|Any CPU
		{2DBC9340-9E06-4480-8952-FCD36D1E5684}.Release|x86.ActiveCfg = Release|Any CPU
		{2DBC9340-9E06-4480-8952-FCD36D1E5684}.Release|x86.Build.0 = Release|Any CPU
		{D5B26DE3-5FDF-462E-9DE2-9312C3C0BCC3}.Debug|Any CPU.ActiveCfg = Debug|Any CPU
		{D5B26DE3-5FDF-462E-9DE2-9312C3C0BCC3}.Debug|Any CPU.Build.0 = Debug|Any CPU
		{D5B26DE3-5FDF-462E-9DE2-9312C3C0BCC3}.Debug|x64.ActiveCfg = Debug|Any CPU
		{D5B26DE3-5FDF-462E-9DE2-9312C3C0BCC3}.Debug|x64.Build.0 = Debug|Any CPU
		{D5B26DE3-5FDF-462E-9DE2-9312C3C0BCC3}.Debug|x86.ActiveCfg = Debug|Any CPU
		{D5B26DE3-5FDF-462E-9DE2-9312C3C0BCC3}.Debug|x86.Build.0 = Debug|Any CPU
		{D5B26DE3-5FDF-462E-9DE2-9312C3C0BCC3}.Release|Any CPU.ActiveCfg = Release|Any CPU
		{D5B26DE3-5FDF-462E-9DE2-9312C3C0BCC3}.Release|Any CPU.Build.0 = Release|Any CPU
		{D5B26DE3-5FDF-462E-9DE2-9312C3C0BCC3}.Release|x64.ActiveCfg = Release|Any CPU
		{D5B26DE3-5FDF-462E-9DE2-9312C3C0BCC3}.Release|x64.Build.0 = Release|Any CPU
		{D5B26DE3-5FDF-462E-9DE2-9312C3C0BCC3}.Release|x86.ActiveCfg = Release|Any CPU
		{D5B26DE3-5FDF-462E-9DE2-9312C3C0BCC3}.Release|x86.Build.0 = Release|Any CPU
		{8398CA37-FA17-4E5A-92E8-93D3775E168E}.Debug|Any CPU.ActiveCfg = Debug|Any CPU
		{8398CA37-FA17-4E5A-92E8-93D3775E168E}.Debug|Any CPU.Build.0 = Debug|Any CPU
		{8398CA37-FA17-4E5A-92E8-93D3775E168E}.Debug|x64.ActiveCfg = Debug|Any CPU
		{8398CA37-FA17-4E5A-92E8-93D3775E168E}.Debug|x64.Build.0 = Debug|Any CPU
		{8398CA37-FA17-4E5A-92E8-93D3775E168E}.Debug|x86.ActiveCfg = Debug|Any CPU
		{8398CA37-FA17-4E5A-92E8-93D3775E168E}.Debug|x86.Build.0 = Debug|Any CPU
		{8398CA37-FA17-4E5A-92E8-93D3775E168E}.Release|Any CPU.ActiveCfg = Release|Any CPU
		{8398CA37-FA17-4E5A-92E8-93D3775E168E}.Release|Any CPU.Build.0 = Release|Any CPU
		{8398CA37-FA17-4E5A-92E8-93D3775E168E}.Release|x64.ActiveCfg = Release|Any CPU
		{8398CA37-FA17-4E5A-92E8-93D3775E168E}.Release|x64.Build.0 = Release|Any CPU
		{8398CA37-FA17-4E5A-92E8-93D3775E168E}.Release|x86.ActiveCfg = Release|Any CPU
		{8398CA37-FA17-4E5A-92E8-93D3775E168E}.Release|x86.Build.0 = Release|Any CPU
		{AE6B620B-4B9D-4F5C-B3BC-0F03C81894EB}.Debug|Any CPU.ActiveCfg = Debug|Any CPU
		{AE6B620B-4B9D-4F5C-B3BC-0F03C81894EB}.Debug|Any CPU.Build.0 = Debug|Any CPU
		{AE6B620B-4B9D-4F5C-B3BC-0F03C81894EB}.Debug|x64.ActiveCfg = Debug|Any CPU
		{AE6B620B-4B9D-4F5C-B3BC-0F03C81894EB}.Debug|x64.Build.0 = Debug|Any CPU
		{AE6B620B-4B9D-4F5C-B3BC-0F03C81894EB}.Debug|x86.ActiveCfg = Debug|Any CPU
		{AE6B620B-4B9D-4F5C-B3BC-0F03C81894EB}.Debug|x86.Build.0 = Debug|Any CPU
		{AE6B620B-4B9D-4F5C-B3BC-0F03C81894EB}.Release|Any CPU.ActiveCfg = Release|Any CPU
		{AE6B620B-4B9D-4F5C-B3BC-0F03C81894EB}.Release|Any CPU.Build.0 = Release|Any CPU
		{AE6B620B-4B9D-4F5C-B3BC-0F03C81894EB}.Release|x64.ActiveCfg = Release|Any CPU
		{AE6B620B-4B9D-4F5C-B3BC-0F03C81894EB}.Release|x64.Build.0 = Release|Any CPU
		{AE6B620B-4B9D-4F5C-B3BC-0F03C81894EB}.Release|x86.ActiveCfg = Release|Any CPU
		{AE6B620B-4B9D-4F5C-B3BC-0F03C81894EB}.Release|x86.Build.0 = Release|Any CPU
		{6EA83D89-BFB4-4AE6-9CA8-137E5B8987A8}.Debug|Any CPU.ActiveCfg = Debug|Any CPU
		{6EA83D89-BFB4-4AE6-9CA8-137E5B8987A8}.Debug|Any CPU.Build.0 = Debug|Any CPU
		{6EA83D89-BFB4-4AE6-9CA8-137E5B8987A8}.Debug|x64.ActiveCfg = Debug|Any CPU
		{6EA83D89-BFB4-4AE6-9CA8-137E5B8987A8}.Debug|x64.Build.0 = Debug|Any CPU
		{6EA83D89-BFB4-4AE6-9CA8-137E5B8987A8}.Debug|x86.ActiveCfg = Debug|Any CPU
		{6EA83D89-BFB4-4AE6-9CA8-137E5B8987A8}.Debug|x86.Build.0 = Debug|Any CPU
		{6EA83D89-BFB4-4AE6-9CA8-137E5B8987A8}.Release|Any CPU.ActiveCfg = Release|Any CPU
		{6EA83D89-BFB4-4AE6-9CA8-137E5B8987A8}.Release|Any CPU.Build.0 = Release|Any CPU
		{6EA83D89-BFB4-4AE6-9CA8-137E5B8987A8}.Release|x64.ActiveCfg = Release|Any CPU
		{6EA83D89-BFB4-4AE6-9CA8-137E5B8987A8}.Release|x64.Build.0 = Release|Any CPU
		{6EA83D89-BFB4-4AE6-9CA8-137E5B8987A8}.Release|x86.ActiveCfg = Release|Any CPU
		{6EA83D89-BFB4-4AE6-9CA8-137E5B8987A8}.Release|x86.Build.0 = Release|Any CPU
		{B1650587-9B47-40CE-943A-CBC135E89BF3}.Debug|Any CPU.ActiveCfg = Debug|Any CPU
		{B1650587-9B47-40CE-943A-CBC135E89BF3}.Debug|Any CPU.Build.0 = Debug|Any CPU
		{B1650587-9B47-40CE-943A-CBC135E89BF3}.Debug|x64.ActiveCfg = Debug|Any CPU
		{B1650587-9B47-40CE-943A-CBC135E89BF3}.Debug|x64.Build.0 = Debug|Any CPU
		{B1650587-9B47-40CE-943A-CBC135E89BF3}.Debug|x86.ActiveCfg = Debug|Any CPU
		{B1650587-9B47-40CE-943A-CBC135E89BF3}.Debug|x86.Build.0 = Debug|Any CPU
		{B1650587-9B47-40CE-943A-CBC135E89BF3}.Release|Any CPU.ActiveCfg = Release|Any CPU
		{B1650587-9B47-40CE-943A-CBC135E89BF3}.Release|Any CPU.Build.0 = Release|Any CPU
		{B1650587-9B47-40CE-943A-CBC135E89BF3}.Release|x64.ActiveCfg = Release|Any CPU
		{B1650587-9B47-40CE-943A-CBC135E89BF3}.Release|x64.Build.0 = Release|Any CPU
		{B1650587-9B47-40CE-943A-CBC135E89BF3}.Release|x86.ActiveCfg = Release|Any CPU
		{B1650587-9B47-40CE-943A-CBC135E89BF3}.Release|x86.Build.0 = Release|Any CPU
		{8CB3E064-252A-43D4-A450-663DFEFA0E9E}.Debug|Any CPU.ActiveCfg = Debug|Any CPU
		{8CB3E064-252A-43D4-A450-663DFEFA0E9E}.Debug|Any CPU.Build.0 = Debug|Any CPU
		{8CB3E064-252A-43D4-A450-663DFEFA0E9E}.Debug|x64.ActiveCfg = Debug|Any CPU
		{8CB3E064-252A-43D4-A450-663DFEFA0E9E}.Debug|x64.Build.0 = Debug|Any CPU
		{8CB3E064-252A-43D4-A450-663DFEFA0E9E}.Debug|x86.ActiveCfg = Debug|Any CPU
		{8CB3E064-252A-43D4-A450-663DFEFA0E9E}.Debug|x86.Build.0 = Debug|Any CPU
		{8CB3E064-252A-43D4-A450-663DFEFA0E9E}.Release|Any CPU.ActiveCfg = Release|Any CPU
		{8CB3E064-252A-43D4-A450-663DFEFA0E9E}.Release|Any CPU.Build.0 = Release|Any CPU
		{8CB3E064-252A-43D4-A450-663DFEFA0E9E}.Release|x64.ActiveCfg = Release|Any CPU
		{8CB3E064-252A-43D4-A450-663DFEFA0E9E}.Release|x64.Build.0 = Release|Any CPU
		{8CB3E064-252A-43D4-A450-663DFEFA0E9E}.Release|x86.ActiveCfg = Release|Any CPU
		{8CB3E064-252A-43D4-A450-663DFEFA0E9E}.Release|x86.Build.0 = Release|Any CPU
		{83E37D20-1568-4D76-AF5F-784E48DDC726}.Debug|Any CPU.ActiveCfg = Debug|Any CPU
		{83E37D20-1568-4D76-AF5F-784E48DDC726}.Debug|Any CPU.Build.0 = Debug|Any CPU
		{83E37D20-1568-4D76-AF5F-784E48DDC726}.Debug|x64.ActiveCfg = Debug|Any CPU
		{83E37D20-1568-4D76-AF5F-784E48DDC726}.Debug|x64.Build.0 = Debug|Any CPU
		{83E37D20-1568-4D76-AF5F-784E48DDC726}.Debug|x86.ActiveCfg = Debug|Any CPU
		{83E37D20-1568-4D76-AF5F-784E48DDC726}.Debug|x86.Build.0 = Debug|Any CPU
		{83E37D20-1568-4D76-AF5F-784E48DDC726}.Release|Any CPU.ActiveCfg = Release|Any CPU
		{83E37D20-1568-4D76-AF5F-784E48DDC726}.Release|Any CPU.Build.0 = Release|Any CPU
		{83E37D20-1568-4D76-AF5F-784E48DDC726}.Release|x64.ActiveCfg = Release|Any CPU
		{83E37D20-1568-4D76-AF5F-784E48DDC726}.Release|x64.Build.0 = Release|Any CPU
		{83E37D20-1568-4D76-AF5F-784E48DDC726}.Release|x86.ActiveCfg = Release|Any CPU
		{83E37D20-1568-4D76-AF5F-784E48DDC726}.Release|x86.Build.0 = Release|Any CPU
		{4F4C4DB5-5DB2-4B6B-AE8F-01F30054F6B0}.Debug|Any CPU.ActiveCfg = Debug|Any CPU
		{4F4C4DB5-5DB2-4B6B-AE8F-01F30054F6B0}.Debug|Any CPU.Build.0 = Debug|Any CPU
		{4F4C4DB5-5DB2-4B6B-AE8F-01F30054F6B0}.Debug|x64.ActiveCfg = Debug|Any CPU
		{4F4C4DB5-5DB2-4B6B-AE8F-01F30054F6B0}.Debug|x64.Build.0 = Debug|Any CPU
		{4F4C4DB5-5DB2-4B6B-AE8F-01F30054F6B0}.Debug|x86.ActiveCfg = Debug|Any CPU
		{4F4C4DB5-5DB2-4B6B-AE8F-01F30054F6B0}.Debug|x86.Build.0 = Debug|Any CPU
		{4F4C4DB5-5DB2-4B6B-AE8F-01F30054F6B0}.Release|Any CPU.ActiveCfg = Release|Any CPU
		{4F4C4DB5-5DB2-4B6B-AE8F-01F30054F6B0}.Release|Any CPU.Build.0 = Release|Any CPU
		{4F4C4DB5-5DB2-4B6B-AE8F-01F30054F6B0}.Release|x64.ActiveCfg = Release|Any CPU
		{4F4C4DB5-5DB2-4B6B-AE8F-01F30054F6B0}.Release|x64.Build.0 = Release|Any CPU
		{4F4C4DB5-5DB2-4B6B-AE8F-01F30054F6B0}.Release|x86.ActiveCfg = Release|Any CPU
		{4F4C4DB5-5DB2-4B6B-AE8F-01F30054F6B0}.Release|x86.Build.0 = Release|Any CPU
		{365516E4-BE43-4B8F-8367-B8414FE30168}.Debug|Any CPU.ActiveCfg = Debug|Any CPU
		{365516E4-BE43-4B8F-8367-B8414FE30168}.Debug|Any CPU.Build.0 = Debug|Any CPU
		{365516E4-BE43-4B8F-8367-B8414FE30168}.Debug|x64.ActiveCfg = Debug|Any CPU
		{365516E4-BE43-4B8F-8367-B8414FE30168}.Debug|x64.Build.0 = Debug|Any CPU
		{365516E4-BE43-4B8F-8367-B8414FE30168}.Debug|x86.ActiveCfg = Debug|Any CPU
		{365516E4-BE43-4B8F-8367-B8414FE30168}.Debug|x86.Build.0 = Debug|Any CPU
		{365516E4-BE43-4B8F-8367-B8414FE30168}.Release|Any CPU.ActiveCfg = Release|Any CPU
		{365516E4-BE43-4B8F-8367-B8414FE30168}.Release|Any CPU.Build.0 = Release|Any CPU
		{365516E4-BE43-4B8F-8367-B8414FE30168}.Release|x64.ActiveCfg = Release|Any CPU
		{365516E4-BE43-4B8F-8367-B8414FE30168}.Release|x64.Build.0 = Release|Any CPU
		{365516E4-BE43-4B8F-8367-B8414FE30168}.Release|x86.ActiveCfg = Release|Any CPU
		{365516E4-BE43-4B8F-8367-B8414FE30168}.Release|x86.Build.0 = Release|Any CPU
		{A79CCBA7-0100-474A-A302-09851FA61250}.Debug|Any CPU.ActiveCfg = Debug|Any CPU
		{A79CCBA7-0100-474A-A302-09851FA61250}.Debug|Any CPU.Build.0 = Debug|Any CPU
		{A79CCBA7-0100-474A-A302-09851FA61250}.Debug|x64.ActiveCfg = Debug|Any CPU
		{A79CCBA7-0100-474A-A302-09851FA61250}.Debug|x64.Build.0 = Debug|Any CPU
		{A79CCBA7-0100-474A-A302-09851FA61250}.Debug|x86.ActiveCfg = Debug|Any CPU
		{A79CCBA7-0100-474A-A302-09851FA61250}.Debug|x86.Build.0 = Debug|Any CPU
		{A79CCBA7-0100-474A-A302-09851FA61250}.Release|Any CPU.ActiveCfg = Release|Any CPU
		{A79CCBA7-0100-474A-A302-09851FA61250}.Release|Any CPU.Build.0 = Release|Any CPU
		{A79CCBA7-0100-474A-A302-09851FA61250}.Release|x64.ActiveCfg = Release|Any CPU
		{A79CCBA7-0100-474A-A302-09851FA61250}.Release|x64.Build.0 = Release|Any CPU
		{A79CCBA7-0100-474A-A302-09851FA61250}.Release|x86.ActiveCfg = Release|Any CPU
		{A79CCBA7-0100-474A-A302-09851FA61250}.Release|x86.Build.0 = Release|Any CPU
		{F19CBA07-A8C5-43BE-BC69-F6E12E31FF6D}.Debug|Any CPU.ActiveCfg = Debug|Any CPU
		{F19CBA07-A8C5-43BE-BC69-F6E12E31FF6D}.Debug|Any CPU.Build.0 = Debug|Any CPU
		{F19CBA07-A8C5-43BE-BC69-F6E12E31FF6D}.Debug|x64.ActiveCfg = Debug|Any CPU
		{F19CBA07-A8C5-43BE-BC69-F6E12E31FF6D}.Debug|x64.Build.0 = Debug|Any CPU
		{F19CBA07-A8C5-43BE-BC69-F6E12E31FF6D}.Debug|x86.ActiveCfg = Debug|Any CPU
		{F19CBA07-A8C5-43BE-BC69-F6E12E31FF6D}.Debug|x86.Build.0 = Debug|Any CPU
		{F19CBA07-A8C5-43BE-BC69-F6E12E31FF6D}.Release|Any CPU.ActiveCfg = Release|Any CPU
		{F19CBA07-A8C5-43BE-BC69-F6E12E31FF6D}.Release|Any CPU.Build.0 = Release|Any CPU
		{F19CBA07-A8C5-43BE-BC69-F6E12E31FF6D}.Release|x64.ActiveCfg = Release|Any CPU
		{F19CBA07-A8C5-43BE-BC69-F6E12E31FF6D}.Release|x64.Build.0 = Release|Any CPU
		{F19CBA07-A8C5-43BE-BC69-F6E12E31FF6D}.Release|x86.ActiveCfg = Release|Any CPU
		{F19CBA07-A8C5-43BE-BC69-F6E12E31FF6D}.Release|x86.Build.0 = Release|Any CPU
		{DA1EC09A-F3F3-4FD7-BA06-0B4E940CF5D9}.Debug|Any CPU.ActiveCfg = Debug|Any CPU
		{DA1EC09A-F3F3-4FD7-BA06-0B4E940CF5D9}.Debug|Any CPU.Build.0 = Debug|Any CPU
		{DA1EC09A-F3F3-4FD7-BA06-0B4E940CF5D9}.Debug|x64.ActiveCfg = Debug|Any CPU
		{DA1EC09A-F3F3-4FD7-BA06-0B4E940CF5D9}.Debug|x64.Build.0 = Debug|Any CPU
		{DA1EC09A-F3F3-4FD7-BA06-0B4E940CF5D9}.Debug|x86.ActiveCfg = Debug|Any CPU
		{DA1EC09A-F3F3-4FD7-BA06-0B4E940CF5D9}.Debug|x86.Build.0 = Debug|Any CPU
		{DA1EC09A-F3F3-4FD7-BA06-0B4E940CF5D9}.Release|Any CPU.ActiveCfg = Release|Any CPU
		{DA1EC09A-F3F3-4FD7-BA06-0B4E940CF5D9}.Release|Any CPU.Build.0 = Release|Any CPU
		{DA1EC09A-F3F3-4FD7-BA06-0B4E940CF5D9}.Release|x64.ActiveCfg = Release|Any CPU
		{DA1EC09A-F3F3-4FD7-BA06-0B4E940CF5D9}.Release|x64.Build.0 = Release|Any CPU
		{DA1EC09A-F3F3-4FD7-BA06-0B4E940CF5D9}.Release|x86.ActiveCfg = Release|Any CPU
		{DA1EC09A-F3F3-4FD7-BA06-0B4E940CF5D9}.Release|x86.Build.0 = Release|Any CPU
		{BF770265-7A4B-4EF6-9481-4BD45BCACCB5}.Debug|Any CPU.ActiveCfg = Debug|Any CPU
		{BF770265-7A4B-4EF6-9481-4BD45BCACCB5}.Debug|Any CPU.Build.0 = Debug|Any CPU
		{BF770265-7A4B-4EF6-9481-4BD45BCACCB5}.Debug|x64.ActiveCfg = Debug|Any CPU
		{BF770265-7A4B-4EF6-9481-4BD45BCACCB5}.Debug|x64.Build.0 = Debug|Any CPU
		{BF770265-7A4B-4EF6-9481-4BD45BCACCB5}.Debug|x86.ActiveCfg = Debug|Any CPU
		{BF770265-7A4B-4EF6-9481-4BD45BCACCB5}.Debug|x86.Build.0 = Debug|Any CPU
		{BF770265-7A4B-4EF6-9481-4BD45BCACCB5}.Release|Any CPU.ActiveCfg = Release|Any CPU
		{BF770265-7A4B-4EF6-9481-4BD45BCACCB5}.Release|Any CPU.Build.0 = Release|Any CPU
		{BF770265-7A4B-4EF6-9481-4BD45BCACCB5}.Release|x64.ActiveCfg = Release|Any CPU
		{BF770265-7A4B-4EF6-9481-4BD45BCACCB5}.Release|x64.Build.0 = Release|Any CPU
		{BF770265-7A4B-4EF6-9481-4BD45BCACCB5}.Release|x86.ActiveCfg = Release|Any CPU
		{BF770265-7A4B-4EF6-9481-4BD45BCACCB5}.Release|x86.Build.0 = Release|Any CPU
		{6064E3B7-EB25-4916-A6B9-D5736817C115}.Debug|Any CPU.ActiveCfg = Debug|Any CPU
		{6064E3B7-EB25-4916-A6B9-D5736817C115}.Debug|Any CPU.Build.0 = Debug|Any CPU
		{6064E3B7-EB25-4916-A6B9-D5736817C115}.Debug|x64.ActiveCfg = Debug|Any CPU
		{6064E3B7-EB25-4916-A6B9-D5736817C115}.Debug|x64.Build.0 = Debug|Any CPU
		{6064E3B7-EB25-4916-A6B9-D5736817C115}.Debug|x86.ActiveCfg = Debug|Any CPU
		{6064E3B7-EB25-4916-A6B9-D5736817C115}.Debug|x86.Build.0 = Debug|Any CPU
		{6064E3B7-EB25-4916-A6B9-D5736817C115}.Release|Any CPU.ActiveCfg = Release|Any CPU
		{6064E3B7-EB25-4916-A6B9-D5736817C115}.Release|Any CPU.Build.0 = Release|Any CPU
		{6064E3B7-EB25-4916-A6B9-D5736817C115}.Release|x64.ActiveCfg = Release|Any CPU
		{6064E3B7-EB25-4916-A6B9-D5736817C115}.Release|x64.Build.0 = Release|Any CPU
		{6064E3B7-EB25-4916-A6B9-D5736817C115}.Release|x86.ActiveCfg = Release|Any CPU
		{6064E3B7-EB25-4916-A6B9-D5736817C115}.Release|x86.Build.0 = Release|Any CPU
		{E0F7E62A-22B6-4F74-89F8-A07DAFC1E7BF}.Debug|Any CPU.ActiveCfg = Debug|Any CPU
		{E0F7E62A-22B6-4F74-89F8-A07DAFC1E7BF}.Debug|Any CPU.Build.0 = Debug|Any CPU
		{E0F7E62A-22B6-4F74-89F8-A07DAFC1E7BF}.Debug|x64.ActiveCfg = Debug|Any CPU
		{E0F7E62A-22B6-4F74-89F8-A07DAFC1E7BF}.Debug|x64.Build.0 = Debug|Any CPU
		{E0F7E62A-22B6-4F74-89F8-A07DAFC1E7BF}.Debug|x86.ActiveCfg = Debug|Any CPU
		{E0F7E62A-22B6-4F74-89F8-A07DAFC1E7BF}.Debug|x86.Build.0 = Debug|Any CPU
		{E0F7E62A-22B6-4F74-89F8-A07DAFC1E7BF}.Release|Any CPU.ActiveCfg = Release|Any CPU
		{E0F7E62A-22B6-4F74-89F8-A07DAFC1E7BF}.Release|Any CPU.Build.0 = Release|Any CPU
		{E0F7E62A-22B6-4F74-89F8-A07DAFC1E7BF}.Release|x64.ActiveCfg = Release|Any CPU
		{E0F7E62A-22B6-4F74-89F8-A07DAFC1E7BF}.Release|x64.Build.0 = Release|Any CPU
		{E0F7E62A-22B6-4F74-89F8-A07DAFC1E7BF}.Release|x86.ActiveCfg = Release|Any CPU
		{E0F7E62A-22B6-4F74-89F8-A07DAFC1E7BF}.Release|x86.Build.0 = Release|Any CPU
		{3C35E32D-74EE-47DD-93B8-4FD1BD43AB28}.Debug|Any CPU.ActiveCfg = Debug|Any CPU
		{3C35E32D-74EE-47DD-93B8-4FD1BD43AB28}.Debug|Any CPU.Build.0 = Debug|Any CPU
		{3C35E32D-74EE-47DD-93B8-4FD1BD43AB28}.Debug|x64.ActiveCfg = Debug|Any CPU
		{3C35E32D-74EE-47DD-93B8-4FD1BD43AB28}.Debug|x64.Build.0 = Debug|Any CPU
		{3C35E32D-74EE-47DD-93B8-4FD1BD43AB28}.Debug|x86.ActiveCfg = Debug|Any CPU
		{3C35E32D-74EE-47DD-93B8-4FD1BD43AB28}.Debug|x86.Build.0 = Debug|Any CPU
		{3C35E32D-74EE-47DD-93B8-4FD1BD43AB28}.Release|Any CPU.ActiveCfg = Release|Any CPU
		{3C35E32D-74EE-47DD-93B8-4FD1BD43AB28}.Release|Any CPU.Build.0 = Release|Any CPU
		{3C35E32D-74EE-47DD-93B8-4FD1BD43AB28}.Release|x64.ActiveCfg = Release|Any CPU
		{3C35E32D-74EE-47DD-93B8-4FD1BD43AB28}.Release|x64.Build.0 = Release|Any CPU
		{3C35E32D-74EE-47DD-93B8-4FD1BD43AB28}.Release|x86.ActiveCfg = Release|Any CPU
		{3C35E32D-74EE-47DD-93B8-4FD1BD43AB28}.Release|x86.Build.0 = Release|Any CPU
		{8221889B-98CA-4CD9-9C09-09F200760D52}.Debug|Any CPU.ActiveCfg = Debug|Any CPU
		{8221889B-98CA-4CD9-9C09-09F200760D52}.Debug|Any CPU.Build.0 = Debug|Any CPU
		{8221889B-98CA-4CD9-9C09-09F200760D52}.Debug|x64.ActiveCfg = Debug|Any CPU
		{8221889B-98CA-4CD9-9C09-09F200760D52}.Debug|x64.Build.0 = Debug|Any CPU
		{8221889B-98CA-4CD9-9C09-09F200760D52}.Debug|x86.ActiveCfg = Debug|Any CPU
		{8221889B-98CA-4CD9-9C09-09F200760D52}.Debug|x86.Build.0 = Debug|Any CPU
		{8221889B-98CA-4CD9-9C09-09F200760D52}.Release|Any CPU.ActiveCfg = Release|Any CPU
		{8221889B-98CA-4CD9-9C09-09F200760D52}.Release|Any CPU.Build.0 = Release|Any CPU
		{8221889B-98CA-4CD9-9C09-09F200760D52}.Release|x64.ActiveCfg = Release|Any CPU
		{8221889B-98CA-4CD9-9C09-09F200760D52}.Release|x64.Build.0 = Release|Any CPU
		{8221889B-98CA-4CD9-9C09-09F200760D52}.Release|x86.ActiveCfg = Release|Any CPU
		{8221889B-98CA-4CD9-9C09-09F200760D52}.Release|x86.Build.0 = Release|Any CPU
		{3F6523E9-872F-47D6-A6F0-48228A718450}.Debug|Any CPU.ActiveCfg = Debug|Any CPU
		{3F6523E9-872F-47D6-A6F0-48228A718450}.Debug|Any CPU.Build.0 = Debug|Any CPU
		{3F6523E9-872F-47D6-A6F0-48228A718450}.Debug|x64.ActiveCfg = Debug|Any CPU
		{3F6523E9-872F-47D6-A6F0-48228A718450}.Debug|x64.Build.0 = Debug|Any CPU
		{3F6523E9-872F-47D6-A6F0-48228A718450}.Debug|x86.ActiveCfg = Debug|Any CPU
		{3F6523E9-872F-47D6-A6F0-48228A718450}.Debug|x86.Build.0 = Debug|Any CPU
		{3F6523E9-872F-47D6-A6F0-48228A718450}.Release|Any CPU.ActiveCfg = Release|Any CPU
		{3F6523E9-872F-47D6-A6F0-48228A718450}.Release|Any CPU.Build.0 = Release|Any CPU
		{3F6523E9-872F-47D6-A6F0-48228A718450}.Release|x64.ActiveCfg = Release|Any CPU
		{3F6523E9-872F-47D6-A6F0-48228A718450}.Release|x64.Build.0 = Release|Any CPU
		{3F6523E9-872F-47D6-A6F0-48228A718450}.Release|x86.ActiveCfg = Release|Any CPU
		{3F6523E9-872F-47D6-A6F0-48228A718450}.Release|x86.Build.0 = Release|Any CPU
		{E3CA601B-4E5C-4530-9F81-997E440EA57F}.Debug|Any CPU.ActiveCfg = Debug|Any CPU
		{E3CA601B-4E5C-4530-9F81-997E440EA57F}.Debug|Any CPU.Build.0 = Debug|Any CPU
		{E3CA601B-4E5C-4530-9F81-997E440EA57F}.Debug|x64.ActiveCfg = Debug|Any CPU
		{E3CA601B-4E5C-4530-9F81-997E440EA57F}.Debug|x64.Build.0 = Debug|Any CPU
		{E3CA601B-4E5C-4530-9F81-997E440EA57F}.Debug|x86.ActiveCfg = Debug|Any CPU
		{E3CA601B-4E5C-4530-9F81-997E440EA57F}.Debug|x86.Build.0 = Debug|Any CPU
		{E3CA601B-4E5C-4530-9F81-997E440EA57F}.Release|Any CPU.ActiveCfg = Release|Any CPU
		{E3CA601B-4E5C-4530-9F81-997E440EA57F}.Release|Any CPU.Build.0 = Release|Any CPU
		{E3CA601B-4E5C-4530-9F81-997E440EA57F}.Release|x64.ActiveCfg = Release|Any CPU
		{E3CA601B-4E5C-4530-9F81-997E440EA57F}.Release|x64.Build.0 = Release|Any CPU
		{E3CA601B-4E5C-4530-9F81-997E440EA57F}.Release|x86.ActiveCfg = Release|Any CPU
		{E3CA601B-4E5C-4530-9F81-997E440EA57F}.Release|x86.Build.0 = Release|Any CPU
		{74C541DA-8940-41C9-A936-0C96373142CD}.Debug|Any CPU.ActiveCfg = Debug|Any CPU
		{74C541DA-8940-41C9-A936-0C96373142CD}.Debug|Any CPU.Build.0 = Debug|Any CPU
		{74C541DA-8940-41C9-A936-0C96373142CD}.Debug|x64.ActiveCfg = Debug|Any CPU
		{74C541DA-8940-41C9-A936-0C96373142CD}.Debug|x64.Build.0 = Debug|Any CPU
		{74C541DA-8940-41C9-A936-0C96373142CD}.Debug|x86.ActiveCfg = Debug|Any CPU
		{74C541DA-8940-41C9-A936-0C96373142CD}.Debug|x86.Build.0 = Debug|Any CPU
		{74C541DA-8940-41C9-A936-0C96373142CD}.Release|Any CPU.ActiveCfg = Release|Any CPU
		{74C541DA-8940-41C9-A936-0C96373142CD}.Release|Any CPU.Build.0 = Release|Any CPU
		{74C541DA-8940-41C9-A936-0C96373142CD}.Release|x64.ActiveCfg = Release|Any CPU
		{74C541DA-8940-41C9-A936-0C96373142CD}.Release|x64.Build.0 = Release|Any CPU
		{74C541DA-8940-41C9-A936-0C96373142CD}.Release|x86.ActiveCfg = Release|Any CPU
		{74C541DA-8940-41C9-A936-0C96373142CD}.Release|x86.Build.0 = Release|Any CPU
		{004899EC-8930-7EA7-57D9-91D72B2502B6}.Debug|Any CPU.ActiveCfg = Debug|Any CPU
		{004899EC-8930-7EA7-57D9-91D72B2502B6}.Debug|Any CPU.Build.0 = Debug|Any CPU
		{004899EC-8930-7EA7-57D9-91D72B2502B6}.Debug|x64.ActiveCfg = Debug|Any CPU
		{004899EC-8930-7EA7-57D9-91D72B2502B6}.Debug|x64.Build.0 = Debug|Any CPU
		{004899EC-8930-7EA7-57D9-91D72B2502B6}.Debug|x86.ActiveCfg = Debug|Any CPU
		{004899EC-8930-7EA7-57D9-91D72B2502B6}.Debug|x86.Build.0 = Debug|Any CPU
		{004899EC-8930-7EA7-57D9-91D72B2502B6}.Release|Any CPU.ActiveCfg = Release|Any CPU
		{004899EC-8930-7EA7-57D9-91D72B2502B6}.Release|Any CPU.Build.0 = Release|Any CPU
		{004899EC-8930-7EA7-57D9-91D72B2502B6}.Release|x64.ActiveCfg = Release|Any CPU
		{004899EC-8930-7EA7-57D9-91D72B2502B6}.Release|x64.Build.0 = Release|Any CPU
		{004899EC-8930-7EA7-57D9-91D72B2502B6}.Release|x86.ActiveCfg = Release|Any CPU
		{004899EC-8930-7EA7-57D9-91D72B2502B6}.Release|x86.Build.0 = Release|Any CPU
		{DC7D47A6-8A5C-4161-86F9-F437C8137E2D}.Debug|Any CPU.ActiveCfg = Debug|Any CPU
		{DC7D47A6-8A5C-4161-86F9-F437C8137E2D}.Debug|Any CPU.Build.0 = Debug|Any CPU
		{DC7D47A6-8A5C-4161-86F9-F437C8137E2D}.Debug|x64.ActiveCfg = Debug|Any CPU
		{DC7D47A6-8A5C-4161-86F9-F437C8137E2D}.Debug|x64.Build.0 = Debug|Any CPU
		{DC7D47A6-8A5C-4161-86F9-F437C8137E2D}.Debug|x86.ActiveCfg = Debug|Any CPU
		{DC7D47A6-8A5C-4161-86F9-F437C8137E2D}.Debug|x86.Build.0 = Debug|Any CPU
		{DC7D47A6-8A5C-4161-86F9-F437C8137E2D}.Release|Any CPU.ActiveCfg = Release|Any CPU
		{DC7D47A6-8A5C-4161-86F9-F437C8137E2D}.Release|Any CPU.Build.0 = Release|Any CPU
		{DC7D47A6-8A5C-4161-86F9-F437C8137E2D}.Release|x64.ActiveCfg = Release|Any CPU
		{DC7D47A6-8A5C-4161-86F9-F437C8137E2D}.Release|x64.Build.0 = Release|Any CPU
		{DC7D47A6-8A5C-4161-86F9-F437C8137E2D}.Release|x86.ActiveCfg = Release|Any CPU
		{DC7D47A6-8A5C-4161-86F9-F437C8137E2D}.Release|x86.Build.0 = Release|Any CPU
		{DFAB9B60-D3EA-4D73-BDB6-17AD5483D8B8}.Debug|Any CPU.ActiveCfg = Debug|Any CPU
		{DFAB9B60-D3EA-4D73-BDB6-17AD5483D8B8}.Debug|Any CPU.Build.0 = Debug|Any CPU
		{DFAB9B60-D3EA-4D73-BDB6-17AD5483D8B8}.Debug|x64.ActiveCfg = Debug|Any CPU
		{DFAB9B60-D3EA-4D73-BDB6-17AD5483D8B8}.Debug|x64.Build.0 = Debug|Any CPU
		{DFAB9B60-D3EA-4D73-BDB6-17AD5483D8B8}.Debug|x86.ActiveCfg = Debug|Any CPU
		{DFAB9B60-D3EA-4D73-BDB6-17AD5483D8B8}.Debug|x86.Build.0 = Debug|Any CPU
		{DFAB9B60-D3EA-4D73-BDB6-17AD5483D8B8}.Release|Any CPU.ActiveCfg = Release|Any CPU
		{DFAB9B60-D3EA-4D73-BDB6-17AD5483D8B8}.Release|Any CPU.Build.0 = Release|Any CPU
		{DFAB9B60-D3EA-4D73-BDB6-17AD5483D8B8}.Release|x64.ActiveCfg = Release|Any CPU
		{DFAB9B60-D3EA-4D73-BDB6-17AD5483D8B8}.Release|x64.Build.0 = Release|Any CPU
		{DFAB9B60-D3EA-4D73-BDB6-17AD5483D8B8}.Release|x86.ActiveCfg = Release|Any CPU
		{DFAB9B60-D3EA-4D73-BDB6-17AD5483D8B8}.Release|x86.Build.0 = Release|Any CPU
		{7FED2EE3-58F3-4C1B-88B4-7AD82885AB14}.Debug|Any CPU.ActiveCfg = Debug|Any CPU
		{7FED2EE3-58F3-4C1B-88B4-7AD82885AB14}.Debug|Any CPU.Build.0 = Debug|Any CPU
		{7FED2EE3-58F3-4C1B-88B4-7AD82885AB14}.Debug|x64.ActiveCfg = Debug|Any CPU
		{7FED2EE3-58F3-4C1B-88B4-7AD82885AB14}.Debug|x64.Build.0 = Debug|Any CPU
		{7FED2EE3-58F3-4C1B-88B4-7AD82885AB14}.Debug|x86.ActiveCfg = Debug|Any CPU
		{7FED2EE3-58F3-4C1B-88B4-7AD82885AB14}.Debug|x86.Build.0 = Debug|Any CPU
		{7FED2EE3-58F3-4C1B-88B4-7AD82885AB14}.Release|Any CPU.ActiveCfg = Release|Any CPU
		{7FED2EE3-58F3-4C1B-88B4-7AD82885AB14}.Release|Any CPU.Build.0 = Release|Any CPU
		{7FED2EE3-58F3-4C1B-88B4-7AD82885AB14}.Release|x64.ActiveCfg = Release|Any CPU
		{7FED2EE3-58F3-4C1B-88B4-7AD82885AB14}.Release|x64.Build.0 = Release|Any CPU
		{7FED2EE3-58F3-4C1B-88B4-7AD82885AB14}.Release|x86.ActiveCfg = Release|Any CPU
		{7FED2EE3-58F3-4C1B-88B4-7AD82885AB14}.Release|x86.Build.0 = Release|Any CPU
		{E43FFB97-4179-4B27-BF09-D698ABB22473}.Debug|Any CPU.ActiveCfg = Debug|Any CPU
		{E43FFB97-4179-4B27-BF09-D698ABB22473}.Debug|Any CPU.Build.0 = Debug|Any CPU
		{E43FFB97-4179-4B27-BF09-D698ABB22473}.Debug|x64.ActiveCfg = Debug|Any CPU
		{E43FFB97-4179-4B27-BF09-D698ABB22473}.Debug|x64.Build.0 = Debug|Any CPU
		{E43FFB97-4179-4B27-BF09-D698ABB22473}.Debug|x86.ActiveCfg = Debug|Any CPU
		{E43FFB97-4179-4B27-BF09-D698ABB22473}.Debug|x86.Build.0 = Debug|Any CPU
		{E43FFB97-4179-4B27-BF09-D698ABB22473}.Release|Any CPU.ActiveCfg = Release|Any CPU
		{E43FFB97-4179-4B27-BF09-D698ABB22473}.Release|Any CPU.Build.0 = Release|Any CPU
		{E43FFB97-4179-4B27-BF09-D698ABB22473}.Release|x64.ActiveCfg = Release|Any CPU
		{E43FFB97-4179-4B27-BF09-D698ABB22473}.Release|x64.Build.0 = Release|Any CPU
		{E43FFB97-4179-4B27-BF09-D698ABB22473}.Release|x86.ActiveCfg = Release|Any CPU
		{E43FFB97-4179-4B27-BF09-D698ABB22473}.Release|x86.Build.0 = Release|Any CPU
		{885FC8BB-EEC4-43DD-BDDF-088C757158B1}.Debug|Any CPU.ActiveCfg = Debug|Any CPU
		{885FC8BB-EEC4-43DD-BDDF-088C757158B1}.Debug|Any CPU.Build.0 = Debug|Any CPU
		{885FC8BB-EEC4-43DD-BDDF-088C757158B1}.Debug|x64.ActiveCfg = Debug|Any CPU
		{885FC8BB-EEC4-43DD-BDDF-088C757158B1}.Debug|x64.Build.0 = Debug|Any CPU
		{885FC8BB-EEC4-43DD-BDDF-088C757158B1}.Debug|x86.ActiveCfg = Debug|Any CPU
		{885FC8BB-EEC4-43DD-BDDF-088C757158B1}.Debug|x86.Build.0 = Debug|Any CPU
		{885FC8BB-EEC4-43DD-BDDF-088C757158B1}.Release|Any CPU.ActiveCfg = Release|Any CPU
		{885FC8BB-EEC4-43DD-BDDF-088C757158B1}.Release|Any CPU.Build.0 = Release|Any CPU
		{885FC8BB-EEC4-43DD-BDDF-088C757158B1}.Release|x64.ActiveCfg = Release|Any CPU
		{885FC8BB-EEC4-43DD-BDDF-088C757158B1}.Release|x64.Build.0 = Release|Any CPU
		{885FC8BB-EEC4-43DD-BDDF-088C757158B1}.Release|x86.ActiveCfg = Release|Any CPU
		{885FC8BB-EEC4-43DD-BDDF-088C757158B1}.Release|x86.Build.0 = Release|Any CPU
		{632D7655-4EB9-4547-9758-A2210C91F2DF}.Debug|Any CPU.ActiveCfg = Debug|Any CPU
		{632D7655-4EB9-4547-9758-A2210C91F2DF}.Debug|Any CPU.Build.0 = Debug|Any CPU
		{632D7655-4EB9-4547-9758-A2210C91F2DF}.Debug|x64.ActiveCfg = Debug|Any CPU
		{632D7655-4EB9-4547-9758-A2210C91F2DF}.Debug|x64.Build.0 = Debug|Any CPU
		{632D7655-4EB9-4547-9758-A2210C91F2DF}.Debug|x86.ActiveCfg = Debug|Any CPU
		{632D7655-4EB9-4547-9758-A2210C91F2DF}.Debug|x86.Build.0 = Debug|Any CPU
		{632D7655-4EB9-4547-9758-A2210C91F2DF}.Release|Any CPU.ActiveCfg = Release|Any CPU
		{632D7655-4EB9-4547-9758-A2210C91F2DF}.Release|Any CPU.Build.0 = Release|Any CPU
		{632D7655-4EB9-4547-9758-A2210C91F2DF}.Release|x64.ActiveCfg = Release|Any CPU
		{632D7655-4EB9-4547-9758-A2210C91F2DF}.Release|x64.Build.0 = Release|Any CPU
		{632D7655-4EB9-4547-9758-A2210C91F2DF}.Release|x86.ActiveCfg = Release|Any CPU
		{632D7655-4EB9-4547-9758-A2210C91F2DF}.Release|x86.Build.0 = Release|Any CPU
		{75DFF5DF-D28C-4ABD-98D9-2D211779F313}.Debug|Any CPU.ActiveCfg = Debug|Any CPU
		{75DFF5DF-D28C-4ABD-98D9-2D211779F313}.Debug|Any CPU.Build.0 = Debug|Any CPU
		{75DFF5DF-D28C-4ABD-98D9-2D211779F313}.Debug|x64.ActiveCfg = Debug|Any CPU
		{75DFF5DF-D28C-4ABD-98D9-2D211779F313}.Debug|x64.Build.0 = Debug|Any CPU
		{75DFF5DF-D28C-4ABD-98D9-2D211779F313}.Debug|x86.ActiveCfg = Debug|Any CPU
		{75DFF5DF-D28C-4ABD-98D9-2D211779F313}.Debug|x86.Build.0 = Debug|Any CPU
		{75DFF5DF-D28C-4ABD-98D9-2D211779F313}.Release|Any CPU.ActiveCfg = Release|Any CPU
		{75DFF5DF-D28C-4ABD-98D9-2D211779F313}.Release|Any CPU.Build.0 = Release|Any CPU
		{75DFF5DF-D28C-4ABD-98D9-2D211779F313}.Release|x64.ActiveCfg = Release|Any CPU
		{75DFF5DF-D28C-4ABD-98D9-2D211779F313}.Release|x64.Build.0 = Release|Any CPU
		{75DFF5DF-D28C-4ABD-98D9-2D211779F313}.Release|x86.ActiveCfg = Release|Any CPU
		{75DFF5DF-D28C-4ABD-98D9-2D211779F313}.Release|x86.Build.0 = Release|Any CPU
		{6D2C82BF-CFB9-4A5D-8379-B7D9072D0CAC}.Debug|Any CPU.ActiveCfg = Debug|Any CPU
		{6D2C82BF-CFB9-4A5D-8379-B7D9072D0CAC}.Debug|Any CPU.Build.0 = Debug|Any CPU
		{6D2C82BF-CFB9-4A5D-8379-B7D9072D0CAC}.Debug|x64.ActiveCfg = Debug|Any CPU
		{6D2C82BF-CFB9-4A5D-8379-B7D9072D0CAC}.Debug|x64.Build.0 = Debug|Any CPU
		{6D2C82BF-CFB9-4A5D-8379-B7D9072D0CAC}.Debug|x86.ActiveCfg = Debug|Any CPU
		{6D2C82BF-CFB9-4A5D-8379-B7D9072D0CAC}.Debug|x86.Build.0 = Debug|Any CPU
		{6D2C82BF-CFB9-4A5D-8379-B7D9072D0CAC}.Release|Any CPU.ActiveCfg = Release|Any CPU
		{6D2C82BF-CFB9-4A5D-8379-B7D9072D0CAC}.Release|Any CPU.Build.0 = Release|Any CPU
		{6D2C82BF-CFB9-4A5D-8379-B7D9072D0CAC}.Release|x64.ActiveCfg = Release|Any CPU
		{6D2C82BF-CFB9-4A5D-8379-B7D9072D0CAC}.Release|x64.Build.0 = Release|Any CPU
		{6D2C82BF-CFB9-4A5D-8379-B7D9072D0CAC}.Release|x86.ActiveCfg = Release|Any CPU
		{6D2C82BF-CFB9-4A5D-8379-B7D9072D0CAC}.Release|x86.Build.0 = Release|Any CPU
	EndGlobalSection
	GlobalSection(SolutionProperties) = preSolution
		HideSolutionNode = FALSE
	EndGlobalSection
	GlobalSection(NestedProjects) = preSolution
		{81034408-37C8-1011-444E-4C15C2FADA8E} = {827E0CD3-B72D-47B6-A68D-7590B98EB39B}
		{CFA26D80-D5E2-4FC1-9B0B-EE4C3227BC93} = {81034408-37C8-1011-444E-4C15C2FADA8E}
		{EC447DCF-ABFA-6E24-52A5-D7FD48A5C558} = {827E0CD3-B72D-47B6-A68D-7590B98EB39B}
		{0EC62A1A-9858-3A60-8A0C-FC9AACFA2EC7} = {EC447DCF-ABFA-6E24-52A5-D7FD48A5C558}
		{2DBC9340-9E06-4480-8952-FCD36D1E5684} = {0EC62A1A-9858-3A60-8A0C-FC9AACFA2EC7}
		{C8E42992-5E42-0C2B-DBFE-AA848D06431C} = {827E0CD3-B72D-47B6-A68D-7590B98EB39B}
		{D5B26DE3-5FDF-462E-9DE2-9312C3C0BCC3} = {C8E42992-5E42-0C2B-DBFE-AA848D06431C}
		{8398CA37-FA17-4E5A-92E8-93D3775E168E} = {0EC62A1A-9858-3A60-8A0C-FC9AACFA2EC7}
		{AE6B620B-4B9D-4F5C-B3BC-0F03C81894EB} = {C8E42992-5E42-0C2B-DBFE-AA848D06431C}
		{6EA83D89-BFB4-4AE6-9CA8-137E5B8987A8} = {0EC62A1A-9858-3A60-8A0C-FC9AACFA2EC7}
		{31E88CAB-5AA6-3584-921D-533861F5E43A} = {EC447DCF-ABFA-6E24-52A5-D7FD48A5C558}
		{B1650587-9B47-40CE-943A-CBC135E89BF3} = {31E88CAB-5AA6-3584-921D-533861F5E43A}
		{8CB3E064-252A-43D4-A450-663DFEFA0E9E} = {31E88CAB-5AA6-3584-921D-533861F5E43A}
		{83E37D20-1568-4D76-AF5F-784E48DDC726} = {31E88CAB-5AA6-3584-921D-533861F5E43A}
		{10CF2B88-4F33-6F2D-640D-45F055B3AE8F} = {EC447DCF-ABFA-6E24-52A5-D7FD48A5C558}
		{4F4C4DB5-5DB2-4B6B-AE8F-01F30054F6B0} = {10CF2B88-4F33-6F2D-640D-45F055B3AE8F}
		{365516E4-BE43-4B8F-8367-B8414FE30168} = {10CF2B88-4F33-6F2D-640D-45F055B3AE8F}
		{A79CCBA7-0100-474A-A302-09851FA61250} = {10CF2B88-4F33-6F2D-640D-45F055B3AE8F}
		{F19CBA07-A8C5-43BE-BC69-F6E12E31FF6D} = {10CF2B88-4F33-6F2D-640D-45F055B3AE8F}
		{33660D39-1269-9B84-677B-56E9D3E08720} = {EC447DCF-ABFA-6E24-52A5-D7FD48A5C558}
		{DA1EC09A-F3F3-4FD7-BA06-0B4E940CF5D9} = {33660D39-1269-9B84-677B-56E9D3E08720}
		{BF770265-7A4B-4EF6-9481-4BD45BCACCB5} = {33660D39-1269-9B84-677B-56E9D3E08720}
		{6064E3B7-EB25-4916-A6B9-D5736817C115} = {33660D39-1269-9B84-677B-56E9D3E08720}
		{E0F7E62A-22B6-4F74-89F8-A07DAFC1E7BF} = {33660D39-1269-9B84-677B-56E9D3E08720}
		{4F8133DB-A301-0A1E-3DDE-929E67CC9B96} = {EC447DCF-ABFA-6E24-52A5-D7FD48A5C558}
		{3C35E32D-74EE-47DD-93B8-4FD1BD43AB28} = {4F8133DB-A301-0A1E-3DDE-929E67CC9B96}
		{8221889B-98CA-4CD9-9C09-09F200760D52} = {4F8133DB-A301-0A1E-3DDE-929E67CC9B96}
		{3F6523E9-872F-47D6-A6F0-48228A718450} = {4F8133DB-A301-0A1E-3DDE-929E67CC9B96}
		{E3CA601B-4E5C-4530-9F81-997E440EA57F} = {4F8133DB-A301-0A1E-3DDE-929E67CC9B96}
		{74C541DA-8940-41C9-A936-0C96373142CD} = {C8E42992-5E42-0C2B-DBFE-AA848D06431C}
		{FB0A1C47-16A9-4034-8D05-044605F937F8} = {8F11D761-16B1-4855-AB60-F6A0747A8C72}
		{AEFE6D60-A74E-4957-9E52-5DCADD039B8C} = {FB0A1C47-16A9-4034-8D05-044605F937F8}
		{004899EC-8930-7EA7-57D9-91D72B2502B6} = {AEFE6D60-A74E-4957-9E52-5DCADD039B8C}
		{DC7D47A6-8A5C-4161-86F9-F437C8137E2D} = {0EC62A1A-9858-3A60-8A0C-FC9AACFA2EC7}
		{DFAB9B60-D3EA-4D73-BDB6-17AD5483D8B8} = {0EC62A1A-9858-3A60-8A0C-FC9AACFA2EC7}
		{7FED2EE3-58F3-4C1B-88B4-7AD82885AB14} = {31E88CAB-5AA6-3584-921D-533861F5E43A}
		{E43FFB97-4179-4B27-BF09-D698ABB22473} = {31E88CAB-5AA6-3584-921D-533861F5E43A}
		{B6823EFD-B11A-0A96-D889-C86CF28482A6} = {FB0A1C47-16A9-4034-8D05-044605F937F8}
		{885FC8BB-EEC4-43DD-BDDF-088C757158B1} = {B6823EFD-B11A-0A96-D889-C86CF28482A6}
		{EC273BBC-0C62-DCD7-EC12-93EEC7BD8CFF} = {FB0A1C47-16A9-4034-8D05-044605F937F8}
		{632D7655-4EB9-4547-9758-A2210C91F2DF} = {EC273BBC-0C62-DCD7-EC12-93EEC7BD8CFF}
		{75DFF5DF-D28C-4ABD-98D9-2D211779F313} = {10CF2B88-4F33-6F2D-640D-45F055B3AE8F}
		{6D2C82BF-CFB9-4A5D-8379-B7D9072D0CAC} = {10CF2B88-4F33-6F2D-640D-45F055B3AE8F}
	EndGlobalSection
	GlobalSection(ExtensibilityGlobals) = postSolution
		SolutionGuid = {27682D52-D57F-46BF-AA43-B34A8FB23405}
	EndGlobalSection
EndGlobal
